# tmux plugins lockfile
# Generated: 2026-07-02 (setup script)
# Source of truth: `set -g @plugin` directives in scripts/config/.tmux.conf
# Format: <github_user>/<repo> <commit_sha>
#
# Setup scripts install plugins via TPM and regenerate this file from the
# installed commits. Use it as a known-good reference for new machines.
#
# To pin a plugin to an exact version, add `#<tag|sha>` to its @plugin
# line in .tmux.conf (e.g. `catppuccin/tmux#v2.1.3`).

tmux-plugins/tpm                  e261deb1b47614eed3400089ce7197dc68acc4eb
tmux-plugins/tmux-sensible        25cb91f42d020f675bb0a2ce3fbd3a5d96119efa
catppuccin/tmux                   b2f219c00609ea1772bcfbdae0697807184743e4
tmux-plugins/tmux-cpu             bcb110d754ab2417de824c464730c412a3eb2769
tmux-plugins/tmux-battery         43832651ede43f54dcf0588727c1957fe648d57d
tmux-plugins/tmux-resurrect       cff343cf9e81983d3da0c8562b01616f12e8d548
tmux-plugins/tmux-continuum       0698e8f4b17d6454c71bf5212895ec055c578da0
christoomey/vim-tmux-navigator    e41c431a0c7b7388ae7ba341f01a0d217eb3a432
laktak/extrakto                   d1af77988081dae496fa4a1f5e5e6bc9ef66767f
